
Microsoft Visual Studio Solution File, Format Version 12.00
# Visual Studio Version 17
VisualStudioVersion = 17.0.32112.339
MinimumVisualStudioVersion = 10.0.40219.1
Project("{8BC9CEB8-8B4A-11D0-8D11-00A0C91BC942}") = "Assignment4", "Assignment4\Assignment4.vcxproj", "{DA2DFE0F-B404-4F39-BEC7-00DB0742D7F4}"
EndProject
Global
	GlobalSection(SolutionConfigurationPlatforms) = preSolution
		Debug|x64 = Debug|x64
		Debug|x86 = Debug|x86
		Release|x64 = Release|x64
		Release|x86 = Release|x86
	EndGlobalSection
	GlobalSection(ProjectConfigurationPlatforms) = postSolution
		{DA2DFE0F-B404-4F39-BEC7-00DB0742D7F4}.Debug|x64.ActiveCfg = Debug|x64
		{DA2DFE0F-B404-4F39-BEC7-00DB0742D7F4}.Debug|x64.Build.0 = Debug|x64
		{DA2DFE0F-B404-4F39-BEC7-00DB0742D7F4}.Debug|x86.ActiveCfg = Debug|Win32
		{DA2DFE0F-B404-4F39-BEC7-00DB0742D7F4}.Debug|x86.Build.0 = Debug|Win32
		{DA2DFE0F-B404-4F39-BEC7-00DB0742D7F4}.Release|x64.ActiveCfg = Release|x64
		{DA2DFE0F-B404-4F39-BEC7-00DB0742D7F4}.Release|x64.Build.0 = Release|x64
		{DA2DFE0F-B404-4F39-BEC7-00DB0742D7F4}.Release|x86.ActiveCfg = Release|Win32
		{DA2DFE0F-B404-4F39-BEC7-00DB0742D7F4}.Release|x86.Build.0 = Release|Win32
	EndGlobalSection
	GlobalSection(SolutionProperties) = preSolution
		HideSolutionNode = FALSE
	EndGlobalSection
	GlobalSection(ExtensibilityGlobals) = postSolution
		SolutionGuid = {E0E7BC62-2680-4D3A-95D3-A9D046406426}
	EndGlobalSection
EndGlobal
